// !$*UTF8*$!
{
	archiveVersion = 1;
	classes = {
	};
	objectVersion = 77;
	objects = {

/* Begin PBXContainerItemProxy section */
		0D30EA152D1A011100F8E9DE /* PBXContainerItemProxy */ = {
			isa = PBXContainerItemProxy;
			containerPortal = 0D30E9FC2D1A010D00F8E9DE /* Project object */;
			proxyType = 1;
			remoteGlobalIDString = 0D30EA032D1A010D00F8E9DE;
			remoteInfo = collageMaker;
		};
		0D30EA1F2D1A011100F8E9DE /* PBXContainerItemProxy */ = {
			isa = PBXContainerItemProxy;
			containerPortal = 0D30E9FC2D1A010D00F8E9DE /* Project object */;
			proxyType = 1;
			remoteGlobalIDString = 0D30EA032D1A010D00F8E9DE;
			remoteInfo = collageMaker;
		};
/* End PBXContainerItemProxy section */

/* Begin PBXFileReference section */
		0D30EA042D1A010D00F8E9DE /* collageMaker.app */ = {isa = PBXFileReference; explicitFileType = wrapper.application; includeInIndex = 0; path = collageMaker.app; sourceTree = BUILT_PRODUCTS_DIR; };
		0D30EA142D1A011100F8E9DE /* collageMakerTests.xctest */ = {isa = PBXFileReference; explicitFileType = wrapper.cfbundle; includeInIndex = 0; path = collageMakerTests.xctest; sourceTree = BUILT_PRODUCTS_DIR; };
		0D30EA1E2D1A011100F8E9DE /* collageMakerUITests.xctest */ = {isa = PBXFileReference; explicitFileType = wrapper.cfbundle; includeInIndex = 0; path = collageMakerUITests.xctest; sourceTree = BUILT_PRODUCTS_DIR; };
/* End PBXFileReference section */

/* Begin PBXFileSystemSynchronizedRootGroup section */
		0D30EA062D1A010D00F8E9DE /* collageMaker */ = {
			isa = PBXFileSystemSynchronizedRootGroup;
			path = collageMaker;
			sourceTree = "<group>";
		};
		0D30EA172D1A011100F8E9DE /* collageMakerTests */ = {
			isa = PBXFileSystemSynchronizedRootGroup;
			path = collageMakerTests;
			sourceTree = "<group>";
		};
		0D30EA212D1A011100F8E9DE /* collageMakerUITests */ = {
			isa = PBXFileSystemSynchronizedRootGroup;
			path = collageMakerUITests;
			sourceTree = "<group>";
		};
/* End PBXFileSystemSynchronizedRootGroup section */

/* Begin PBXFrameworksBuildPhase section */
		0D30EA012D1A010D00F8E9DE /* Frameworks */ = {
			isa = PBXFrameworksBuildPhase;
			buildActionMask = 2147483647;
			files = (
			);
			runOnlyForDeploymentPostprocessing = 0;
		};
		0D30EA112D1A011100F8E9DE /* Frameworks */ = {
			isa = PBXFrameworksBuildPhase;
			buildActionMask = 2147483647;
			files = (
			);
			runOnlyForDeploymentPostprocessing = 0;
		};
		0D30EA1B2D1A011100F8E9DE /* Frameworks */ = {
			isa = PBXFrameworksBuildPhase;
			buildActionMask = 2147483647;
			files = (
			);
			runOnlyForDeploymentPostprocessing = 0;
		};
/* End PBXFrameworksBuildPhase section */

/* Begin PBXGroup section */
		0D30E9FB2D1A010D00F8E9DE = {
			isa = PBXGroup;
			children = (
				0D30EA062D1A010D00F8E9DE /* collageMaker */,
				0D30EA172D1A011100F8E9DE /* collageMakerTests */,
				0D30EA212D1A011100F8E9DE /* collageMakerUITests */,
				0D30EA052D1A010D00F8E9DE /* Products */,
			);
			sourceTree = "<group>";
		};
		0D30EA052D1A010D00F8E9DE /* Products */ = {
			isa = PBXGroup;
			children = (
				0D30EA042D1A010D00F8E9DE /* collageMaker.app */,
				0D30EA142D1A011100F8E9DE /* collageMakerTests.xctest */,
				0D30EA1E2D1A011100F8E9DE /* collageMakerUITests.xctest */,
			);
			name = Products;
			sourceTree = "<group>";
		};
/* End PBXGroup section */

/* Begin PBXNativeTarget section */
		0D30EA032D1A010D00F8E9DE /* collageMaker */ = {
			isa = PBXNativeTarget;
			buildConfigurationList = 0D30EA282D1A011100F8E9DE /* Build configuration list for PBXNativeTarget "collageMaker" */;
			buildPhases = (
				0D30EA002D1A010D00F8E9DE /* Sources */,
				0D30EA012D1A010D00F8E9DE /* Frameworks */,
				0D30EA022D1A010D00F8E9DE /* Resources */,
			);
			buildRules = (
			);
			dependencies = (
			);
			fileSystemSynchronizedGroups = (
				0D30EA062D1A010D00F8E9DE /* collageMaker */,
			);
			name = collageMaker;
			packageProductDependencies = (
			);
			productName = collageMaker;
			productReference = 0D30EA042D1A010D00F8E9DE /* collageMaker.app */;
			productType = "com.apple.product-type.application";
		};
		0D30EA132D1A011100F8E9DE /* collageMakerTests */ = {
			isa = PBXNativeTarget;
			buildConfigurationList = 0D30EA2B2D1A011100F8E9DE /* Build configuration list for PBXNativeTarget "collageMakerTests" */;
			buildPhases = (
				0D30EA102D1A011100F8E9DE /* Sources */,
				0D30EA112D1A011100F8E9DE /* Frameworks */,
				0D30EA122D1A011100F8E9DE /* Resources */,
			);
			buildRules = (
			);
			dependencies = (
				0D30EA162D1A011100F8E9DE /* PBXTargetDependency */,
			);
			fileSystemSynchronizedGroups = (
				0D30EA172D1A011100F8E9DE /* collageMakerTests */,
			);
			name = collageMakerTests;
			packageProductDependencies = (
			);
			productName = collageMakerTests;
			productReference = 0D30EA142D1A011100F8E9DE /* collageMakerTests.xctest */;
			productType = "com.apple.product-type.bundle.unit-test";
		};
		0D30EA1D2D1A011100F8E9DE /* collageMakerUITests */ = {
			isa = PBXNativeTarget;
			buildConfigurationList = 0D30EA2E2D1A011100F8E9DE /* Build configuration list for PBXNativeTarget "collageMakerUITests" */;
			buildPhases = (
				0D30EA1A2D1A011100F8E9DE /* Sources */,
				0D30EA1B2D1A011100F8E9DE /* Frameworks */,
				0D30EA1C2D1A011100F8E9DE /* Resources */,
			);
			buildRules = (
			);
			dependencies = (
				0D30EA202D1A011100F8E9DE /* PBXTargetDependency */,
			);
			fileSystemSynchronizedGroups = (
				0D30EA212D1A011100F8E9DE /* collageMakerUITests */,
			);
			name = collageMakerUITests;
			packageProductDependencies = (
			);
			productName = collageMakerUITests;
			productReference = 0D30EA1E2D1A011100F8E9DE /* collageMakerUITests.xctest */;
			productType = "com.apple.product-type.bundle.ui-testing";
		};
/* End PBXNativeTarget section */

/* Begin PBXProject section */
		0D30E9FC2D1A010D00F8E9DE /* Project object */ = {
			isa = PBXProject;
			attributes = {
				BuildIndependentTargetsInParallel = 1;
				LastSwiftUpdateCheck = 1620;
				LastUpgradeCheck = 1620;
				TargetAttributes = {
					0D30EA032D1A010D00F8E9DE = {
						CreatedOnToolsVersion = 16.2;
					};
					0D30EA132D1A011100F8E9DE = {
						CreatedOnToolsVersion = 16.2;
						TestTargetID = 0D30EA032D1A010D00F8E9DE;
					};
					0D30EA1D2D1A011100F8E9DE = {
						CreatedOnToolsVersion = 16.2;
						TestTargetID = 0D30EA032D1A010D00F8E9DE;
					};
				};
			};
			buildConfigurationList = 0D30E9FF2D1A010D00F8E9DE /* Build configuration list for PBXProject "collageMaker" */;
			developmentRegion = en;
			hasScannedForEncodings = 0;
			knownRegions = (
				en,
				Base,
			);
			mainGroup = 0D30E9FB2D1A010D00F8E9DE;
			minimizedProjectReferenceProxies = 1;
			preferredProjectObjectVersion = 77;
			productRefGroup = 0D30EA052D1A010D00F8E9DE /* Products */;
			projectDirPath = "";
			projectRoot = "";
			targets = (
				0D30EA032D1A010D00F8E9DE /* collageMaker */,
				0D30EA132D1A011100F8E9DE /* collageMakerTests */,
				0D30EA1D2D1A011100F8E9DE /* collageMakerUITests */,
			);
		};
/* End PBXProject section */

/* Begin PBXResourcesBuildPhase section */
		0D30EA022D1A010D00F8E9DE /* Resources */ = {
			isa = PBXResourcesBuildPhase;
			buildActionMask = 2147483647;
			files = (
			);
			runOnlyForDeploymentPostprocessing = 0;
		};
		0D30EA122D1A011100F8E9DE /* Resources */ = {
			isa = PBXResourcesBuildPhase;
			buildActionMask = 2147483647;
			files = (
			);
			runOnlyForDeploymentPostprocessing = 0;
		};
		0D30EA1C2D1A011100F8E9DE /* Resources */ = {
			isa = PBXResourcesBuildPhase;
			buildActionMask = 2147483647;
			files = (
			);
			runOnlyForDeploymentPostprocessing = 0;
		};
/* End PBXResourcesBuildPhase section */

/* Begin PBXSourcesBuildPhase section */
		0D30EA002D1A010D00F8E9DE /* Sources */ = {
			isa = PBXSourcesBuildPhase;
			buildActionMask = 2147483647;
			files = (
			);
			runOnlyForDeploymentPostprocessing = 0;
		};
		0D30EA102D1A011100F8E9DE /* Sources */ = {
			isa = PBXSourcesBuildPhase;
			buildActionMask = 2147483647;
			files = (
			);
			runOnlyForDeploymentPostprocessing = 0;
		};
		0D30EA1A2D1A011100F8E9DE /* Sources */ = {
			isa = PBXSourcesBuildPhase;
			buildActionMask = 2147483647;
			files = (
			);
			runOnlyForDeploymentPostprocessing = 0;
		};
/* End PBXSourcesBuildPhase section */

/* Begin PBXTargetDependency section */
		0D30EA162D1A011100F8E9DE /* PBXTargetDependency */ = {
			isa = PBXTargetDependency;
			target = 0D30EA032D1A010D00F8E9DE /* collageMaker */;
			targetProxy = 0D30EA152D1A011100F8E9DE /* PBXContainerItemProxy */;
		};
		0D30EA202D1A011100F8E9DE /* PBXTargetDependency */ = {
			isa = PBXTargetDependency;
			target = 0D30EA032D1A010D00F8E9DE /* collageMaker */;
			targetProxy = 0D30EA1F2D1A011100F8E9DE /* PBXContainerItemProxy */;
		};
/* End PBXTargetDependency section */

/* Begin XCBuildConfiguration section */
		0D30EA262D1A011100F8E9DE /* Debug */ = {
			isa = XCBuildConfiguration;
			buildSettings = {
				ALWAYS_SEARCH_USER_PATHS = NO;
				ASSETCATALOG_COMPILER_GENERATE_SWIFT_ASSET_SYMBOL_EXTENSIONS = YES;
				CLANG_ANALYZER_NONNULL = YES;
				CLANG_ANALYZER_NUMBER_OBJECT_CONVERSION = YES_AGGRESSIVE;
				CLANG_CXX_LANGUAGE_STANDARD = "gnu++20";
				CLANG_ENABLE_MODULES = YES;
				CLANG_ENABLE_OBJC_ARC = YES;
				CLANG_ENABLE_OBJC_WEAK = YES;
				CLANG_WARN_BLOCK_CAPTURE_AUTORELEASING = YES;
				CLANG_WARN_BOOL_CONVERSION = YES;
				CLANG_WARN_COMMA = YES;
				CLANG_WARN_CONSTANT_CONVERSION = YES;
				CLANG_WARN_DEPRECATED_OBJC_IMPLEMENTATIONS = YES;
				CLANG_WARN_DIRECT_OBJC_ISA_USAGE = YES_ERROR;
				CLANG_WARN_DOCUMENTATION_COMMENTS = YES;
				CLANG_WARN_EMPTY_BODY = YES;
				CLANG_WARN_ENUM_CONVERSION = YES;
				CLANG_WARN_INFINITE_RECURSION = YES;
				CLANG_WARN_INT_CONVERSION = YES;
				CLANG_WARN_NON_LITERAL_NULL_CONVERSION = YES;
				CLANG_WARN_OBJC_IMPLICIT_RETAIN_SELF = YES;
				CLANG_WARN_OBJC_LITERAL_CONVERSION = YES;
				CLANG_WARN_OBJC_ROOT_CLASS = YES_ERROR;
				CLANG_WARN_QUOTED_INCLUDE_IN_FRAMEWORK_HEADER = YES;
				CLANG_WARN_RANGE_LOOP_ANALYSIS = YES;
				CLANG_WARN_STRICT_PROTOTYPES = YES;
				CLANG_WARN_SUSPICIOUS_MOVE = YES;
				CLANG_WARN_UNGUARDED_AVAILABILITY = YES_AGGRESSIVE;
				CLANG_WARN_UNREACHABLE_CODE = YES;
				CLANG_WARN__DUPLICATE_METHOD_MATCH = YES;
				COPY_PHASE_STRIP = NO;
				DEBUG_INFORMATION_FORMAT = dwarf;
				ENABLE_STRICT_OBJC_MSGSEND = YES;
				ENABLE_TESTABILITY = YES;
				ENABLE_USER_SCRIPT_SANDBOXING = YES;
				GCC_C_LANGUAGE_STANDARD = gnu17;
				GCC_DYNAMIC_NO_PIC = NO;
				GCC_NO_COMMON_BLOCKS = YES;
				GCC_OPTIMIZATION_LEVEL = 0;
				GCC_PREPROCESSOR_DEFINITIONS = (
					"DEBUG=1",
					"$(inherited)",
				);
				GCC_WARN_64_TO_32_BIT_CONVERSION = YES;
				GCC_WARN_ABOUT_RETURN_TYPE = YES_ERROR;
				GCC_WARN_UNDECLARED_SELECTOR = YES;
				GCC_WARN_UNINITIALIZED_AUTOS = YES_AGGRESSIVE;
				GCC_WARN_UNUSED_FUNCTION = YES;
				GCC_WARN_UNUSED_VARIABLE = YES;
				GENERATE_INFOPLIST_FILE = NO;
				INFOPLIST_FILE = Info.plist;
				IPHONEOS_DEPLOYMENT_TARGET = 18.2;
				LOCALIZATION_PREFERS_STRING_CATALOGS = YES;
				MTL_ENABLE_DEBUG_INFO = INCLUDE_SOURCE;
				MTL_FAST_MATH = YES;
				ONLY_ACTIVE_ARCH = YES;
				SDKROOT = iphoneos;
				SWIFT_ACTIVE_COMPILATION_CONDITIONS = "DEBUG $(inherited)";
				SWIFT_OPTIMIZATION_LEVEL = "-Onone";
			};
			name = Debug;
		};
		0D30EA272D1A011100F8E9DE /* Release */ = {
			isa = XCBuildConfiguration;
			buildSettings = {
				ALWAYS_SEARCH_USER_PATHS = NO;
				ASSETCATALOG_COMPILER_GENERATE_SWIFT_ASSET_SYMBOL_EXTENSIONS = YES;
				CLANG_ANALYZER_NONNULL = YES;
				CLANG_ANALYZER_NUMBER_OBJECT_CONVERSION = YES_AGGRESSIVE;
				CLANG_CXX_LANGUAGE_STANDARD = "gnu++20";
				CLANG_ENABLE_MODULES = YES;
				CLANG_ENABLE_OBJC_ARC = YES;
				CLANG_ENABLE_OBJC_WEAK = YES;
				CLANG_WARN_BLOCK_CAPTURE_AUTORELEASING = YES;
				CLANG_WARN_BOOL_CONVERSION = YES;
				CLANG_WARN_COMMA = YES;
				CLANG_WARN_CONSTANT_CONVERSION = YES;
				CLANG_WARN_DEPRECATED_OBJC_IMPLEMENTATIONS = YES;
				CLANG_WARN_DIRECT_OBJC_ISA_USAGE = YES_ERROR;
				CLANG_WARN_DOCUMENTATION_COMMENTS = YES;
				CLANG_WARN_EMPTY_BODY = YES;
				CLANG_WARN_ENUM_CONVERSION = YES;
				CLANG_WARN_INFINITE_RECURSION = YES;
				CLANG_WARN_INT_CONVERSION = YES;
				CLANG_WARN_NON_LITERAL_NULL_CONVERSION = YES;
				CLANG_WARN_OBJC_IMPLICIT_RETAIN_SELF = YES;
				CLANG_WARN_OBJC_LITERAL_CONVERSION = YES;
				CLANG_WARN_OBJC_ROOT_CLASS = YES_ERROR;
				CLANG_WARN_QUOTED_INCLUDE_IN_FRAMEWORK_HEADER = YES;
				CLANG_WARN_RANGE_LOOP_ANALYSIS = YES;
				CLANG_WARN_STRICT_PROTOTYPES = YES;
				CLANG_WARN_SUSPICIOUS_MOVE = YES;
				CLANG_WARN_UNGUARDED_AVAILABILITY = YES_AGGRESSIVE;
				CLANG_WARN_UNREACHABLE_CODE = YES;
				CLANG_WARN__DUPLICATE_METHOD_MATCH = YES;
				COPY_PHASE_STRIP = NO;
				DEBUG_INFORMATION_FORMAT = "dwarf-with-dsym";
				ENABLE_NS_ASSERTIONS = NO;
				ENABLE_STRICT_OBJC_MSGSEND = YES;
				ENABLE_USER_SCRIPT_SANDBOXING = YES;
				GCC_C_LANGUAGE_STANDARD = gnu17;
				GCC_NO_COMMON_BLOCKS = YES;
				GCC_WARN_64_TO_32_BIT_CONVERSION = YES;
				GCC_WARN_ABOUT_RETURN_TYPE = YES_ERROR;
				GCC_WARN_UNDECLARED_SELECTOR = YES;
				GCC_WARN_UNINITIALIZED_AUTOS = YES_AGGRESSIVE;
				GCC_WARN_UNUSED_FUNCTION = YES;
				GCC_WARN_UNUSED_VARIABLE = YES;
				GENERATE_INFOPLIST_FILE = NO;
				INFOPLIST_FILE = "";
				IPHONEOS_DEPLOYMENT_TARGET = 18.2;
				LOCALIZATION_PREFERS_STRING_CATALOGS = YES;
				MTL_ENABLE_DEBUG_INFO = NO;
				MTL_FAST_MATH = YES;
				SDKROOT = iphoneos;
				SWIFT_COMPILATION_MODE = wholemodule;
				VALIDATE_PRODUCT = YES;
			};
			name = Release;
		};
		0D30EA292D1A011100F8E9DE /* Debug */ = {
			isa = XCBuildConfiguration;
			buildSettings = {
				ASSETCATALOG_COMPILER_APPICON_NAME = AppIcon;
				ASSETCATALOG_COMPILER_GLOBAL_ACCENT_COLOR_NAME = AccentColor;
				CODE_SIGN_STYLE = Automatic;
				CURRENT_PROJECT_VERSION = 1;
				DEVELOPMENT_ASSET_PATHS = "\"collageMaker/Preview Content\"";
				DEVELOPMENT_TEAM = 3V83G95RA5;
				ENABLE_PREVIEWS = YES;
				GENERATE_INFOPLIST_FILE = YES;
				INFOPLIST_KEY_UIApplicationSceneManifest_Generation = YES;
				INFOPLIST_KEY_UIApplicationSupportsIndirectInputEvents = YES;
				INFOPLIST_KEY_UILaunchScreen_Generation = YES;
				INFOPLIST_KEY_UISupportedInterfaceOrientations_iPad = "UIInterfaceOrientationPortrait UIInterfaceOrientationPortraitUpsideDown UIInterfaceOrientationLandscapeLeft UIInterfaceOrientationLandscapeRight";
				INFOPLIST_KEY_UISupportedInterfaceOrientations_iPhone = "UIInterfaceOrientationPortrait UIInterfaceOrientationLandscapeLeft UIInterfaceOrientationLandscapeRight";
				LD_RUNPATH_SEARCH_PATHS = (
					"$(inherited)",
					"@executable_path/Frameworks",
				);
				MARKETING_VERSION = 1.0;
				PRODUCT_BUNDLE_IDENTIFIER = matthew.collageMaker;
				PRODUCT_NAME = "$(TARGET_NAME)";
				SWIFT_EMIT_LOC_STRINGS = YES;
				SWIFT_VERSION = 5.0;
				TARGETED_DEVICE_FAMILY = "1,2";
			};
			name = Debug;
		};
		0D30EA2A2D1A011100F8E9DE /* Release */ = {
			isa = XCBuildConfiguration;
			buildSettings = {
				ASSETCATALOG_COMPILER_APPICON_NAME = AppIcon;
				ASSETCATALOG_COMPILER_GLOBAL_ACCENT_COLOR_NAME = AccentColor;
				CODE_SIGN_STYLE = Automatic;
				CURRENT_PROJECT_VERSION = 1;
				DEVELOPMENT_ASSET_PATHS = "\"collageMaker/Preview Content\"";
				DEVELOPMENT_TEAM = 3V83G95RA5;
				ENABLE_PREVIEWS = YES;
				GENERATE_INFOPLIST_FILE = YES;
				INFOPLIST_KEY_UIApplicationSceneManifest_Generation = YES;
				INFOPLIST_KEY_UIApplicationSupportsIndirectInputEvents = YES;
				INFOPLIST_KEY_UILaunchScreen_Generation = YES;
				INFOPLIST_KEY_UISupportedInterfaceOrientations_iPad = "UIInterfaceOrientationPortrait UIInterfaceOrientationPortraitUpsideDown UIInterfaceOrientationLandscapeLeft UIInterfaceOrientationLandscapeRight";
				INFOPLIST_KEY_UISupportedInterfaceOrientations_iPhone = "UIInterfaceOrientationPortrait UIInterfaceOrientationLandscapeLeft UIInterfaceOrientationLandscapeRight";
				LD_RUNPATH_SEARCH_PATHS = (
					"$(inherited)",
					"@executable_path/Frameworks",
				);
				MARKETING_VERSION = 1.0;
				PRODUCT_BUNDLE_IDENTIFIER = matthew.collageMaker;
				PRODUCT_NAME = "$(TARGET_NAME)";
				SWIFT_EMIT_LOC_STRINGS = YES;
				SWIFT_VERSION = 5.0;
				TARGETED_DEVICE_FAMILY = "1,2";
			};
			name = Release;
		};
		0D30EA2C2D1A011100F8E9DE /* Debug */ = {
			isa = XCBuildConfiguration;
			buildSettings = {
				BUNDLE_LOADER = "$(TEST_HOST)";
				CODE_SIGN_STYLE = Automatic;
				CURRENT_PROJECT_VERSION = 1;
				DEVELOPMENT_TEAM = 3V83G95RA5;
				GENERATE_INFOPLIST_FILE = YES;
				IPHONEOS_DEPLOYMENT_TARGET = 18.2;
				MARKETING_VERSION = 1.0;
				PRODUCT_BUNDLE_IDENTIFIER = matthew.collageMakerTests;
				PRODUCT_NAME = "$(TARGET_NAME)";
				SWIFT_EMIT_LOC_STRINGS = NO;
				SWIFT_VERSION = 5.0;
				TARGETED_DEVICE_FAMILY = "1,2";
				TEST_HOST = "$(BUILT_PRODUCTS_DIR)/collageMaker.app/$(BUNDLE_EXECUTABLE_FOLDER_PATH)/collageMaker";
			};
			name = Debug;
		};
		0D30EA2D2D1A011100F8E9DE /* Release */ = {
			isa = XCBuildConfiguration;
			buildSettings = {
				BUNDLE_LOADER = "$(TEST_HOST)";
				CODE_SIGN_STYLE = Automatic;
				CURRENT_PROJECT_VERSION = 1;
				DEVELOPMENT_TEAM = 3V83G95RA5;
				GENERATE_INFOPLIST_FILE = YES;
				IPHONEOS_DEPLOYMENT_TARGET = 18.2;
				MARKETING_VERSION = 1.0;
				PRODUCT_BUNDLE_IDENTIFIER = matthew.collageMakerTests;
				PRODUCT_NAME = "$(TARGET_NAME)";
				SWIFT_EMIT_LOC_STRINGS = NO;
				SWIFT_VERSION = 5.0;
				TARGETED_DEVICE_FAMILY = "1,2";
				TEST_HOST = "$(BUILT_PRODUCTS_DIR)/collageMaker.app/$(BUNDLE_EXECUTABLE_FOLDER_PATH)/collageMaker";
			};
			name = Release;
		};
		0D30EA2F2D1A011100F8E9DE /* Debug */ = {
			isa = XCBuildConfiguration;
			buildSettings = {
				CODE_SIGN_STYLE = Automatic;
				CURRENT_PROJECT_VERSION = 1;
				DEVELOPMENT_TEAM = 3V83G95RA5;
				GENERATE_INFOPLIST_FILE = YES;
				MARKETING_VERSION = 1.0;
				PRODUCT_BUNDLE_IDENTIFIER = matthew.collageMakerUITests;
				PRODUCT_NAME = "$(TARGET_NAME)";
				SWIFT_EMIT_LOC_STRINGS = NO;
				SWIFT_VERSION = 5.0;
				TARGETED_DEVICE_FAMILY = "1,2";
				TEST_TARGET_NAME = collageMaker;
			};
			name = Debug;
		};
		0D30EA302D1A011100F8E9DE /* Release */ = {
			isa = XCBuildConfiguration;
			buildSettings = {
				CODE_SIGN_STYLE = Automatic;
				CURRENT_PROJECT_VERSION = 1;
				DEVELOPMENT_TEAM = 3V83G95RA5;
				GENERATE_INFOPLIST_FILE = YES;
				MARKETING_VERSION = 1.0;
				PRODUCT_BUNDLE_IDENTIFIER = matthew.collageMakerUITests;
				PRODUCT_NAME = "$(TARGET_NAME)";
				SWIFT_EMIT_LOC_STRINGS = NO;
				SWIFT_VERSION = 5.0;
				TARGETED_DEVICE_FAMILY = "1,2";
				TEST_TARGET_NAME = collageMaker;
			};
			name = Release;
		};
/* End XCBuildConfiguration section */

/* Begin XCConfigurationList section */
		0D30E9FF2D1A010D00F8E9DE /* Build configuration list for PBXProject "collageMaker" */ = {
			isa = XCConfigurationList;
			buildConfigurations = (
				0D30EA262D1A011100F8E9DE /* Debug */,
				0D30EA272D1A011100F8E9DE /* Release */,
			);
			defaultConfigurationIsVisible = 0;
			defaultConfigurationName = Release;
		};
		0D30EA282D1A011100F8E9DE /* Build configuration list for PBXNativeTarget "collageMaker" */ = {
			isa = XCConfigurationList;
			buildConfigurations = (
				0D30EA292D1A011100F8E9DE /* Debug */,
				0D30EA2A2D1A011100F8E9DE /* Release */,
			);
			defaultConfigurationIsVisible = 0;
			defaultConfigurationName = Release;
		};
		0D30EA2B2D1A011100F8E9DE /* Build configuration list for PBXNativeTarget "collageMakerTests" */ = {
			isa = XCConfigurationList;
			buildConfigurations = (
				0D30EA2C2D1A011100F8E9DE /* Debug */,
				0D30EA2D2D1A011100F8E9DE /* Release */,
			);
			defaultConfigurationIsVisible = 0;
			defaultConfigurationName = Release;
		};
		0D30EA2E2D1A011100F8E9DE /* Build configuration list for PBXNativeTarget "collageMakerUITests" */ = {
			isa = XCConfigurationList;
			buildConfigurations = (
				0D30EA2F2D1A011100F8E9DE /* Debug */,
				0D30EA302D1A011100F8E9DE /* Release */,
			);
			defaultConfigurationIsVisible = 0;
			defaultConfigurationName = Release;
		};
/* End XCConfigurationList section */
	};
	rootObject = 0D30E9FC2D1A010D00F8E9DE /* Project object */;
}
